
Microsoft Visual Studio Solution File, Format Version 12.00
# Visual Studio Version 17
VisualStudioVersion = 17.8.34511.84
MinimumVisualStudioVersion = 10.0.40219.1
Project("{FAE04EC0-301F-11D3-BF4B-00C04F79EFBC}") = "OperatingSystems_ShellCommands", "OperatingSystems_ShellCommands\OperatingSystems_ShellCommands.csproj", "{91F8FC22-10FC-4CF4-BB30-CDC1130F26CF}"
EndProject
Global
	GlobalSection(SolutionConfigurationPlatforms) = preSolution
		Debug|Any CPU = Debug|Any CPU
		Release|Any CPU = Release|Any CPU
	EndGlobalSection
	GlobalSection(ProjectConfigurationPlatforms) = postSolution
		{91F8FC22-10FC-4CF4-BB30-CDC1130F26CF}.Debug|Any CPU.ActiveCfg = Debug|Any CPU
		{91F8FC22-10FC-4CF4-BB30-CDC1130F26CF}.Debug|Any CPU.Build.0 = Debug|Any CPU
		{91F8FC22-10FC-4CF4-BB30-CDC1130F26CF}.Release|Any CPU.ActiveCfg = Release|Any CPU
		{91F8FC22-10FC-4CF4-BB30-CDC1130F26CF}.Release|Any CPU.Build.0 = Release|Any CPU
	EndGlobalSection
	GlobalSection(SolutionProperties) = preSolution
		HideSolutionNode = FALSE
	EndGlobalSection
	GlobalSection(ExtensibilityGlobals) = postSolution
		SolutionGuid = {28C6697F-0471-41C8-B337-21CBB8D536D2}
	EndGlobalSection
EndGlobal
